
Microsoft Visual Studio Solution File, Format Version 12.00
# Visual Studio 15
VisualStudioVersion = 15.0.28307.168
MinimumVisualStudioVersion = 10.0.40219.1
Project("{2150E333-8FDC-42A3-9474-1A3956D46DE8}") = "Core", "Core", "{EE6207F1-ADD3-4C80-8AE7-6E7343F98932}"
EndProject
Project("{2150E333-8FDC-42A3-9474-1A3956D46DE8}") = "1 - Hosting Layer", "1 - Hosting Layer", "{0E46E542-A13B-4150-B6E4-25F883A1ECBE}"
EndProject
Project("{2150E333-8FDC-42A3-9474-1A3956D46DE8}") = "2 - Service Facade Layer", "2 - Service Facade Layer", "{EA338830-AEF3-40B7-887C-A097B6339C1C}"
EndProject
Project("{2150E333-8FDC-42A3-9474-1A3956D46DE8}") = "3 - Domain Layer", "3 - Domain Layer", "{C92E2383-33EC-4D8C-8F8A-6C5A701266E4}"
EndProject
Project("{2150E333-8FDC-42A3-9474-1A3956D46DE8}") = "4 - Data Access Layer", "4 - Data Access Layer", "{06C74FD9-6458-4520-9254-9DDC2BF4D693}"
EndProject
Project("{2150E333-8FDC-42A3-9474-1A3956D46DE8}") = "5 - Data Storage Layer", "5 - Data Storage Layer", "{BA17CD96-39F2-41F8-946F-A3D0C56A9574}"
EndProject
Project("{9A19103F-16F7-4668-BE54-9A1E7A4F7556}") = "FJFMarketing", "FJFMarketing\FJFMarketing.csproj", "{F297A7DF-B664-4D45-9811-5A928324ADA3}"
EndProject
Project("{9A19103F-16F7-4668-BE54-9A1E7A4F7556}") = "FJFMarketing.WindowsService", "FJFMarketing.WindowsService\FJFMarketing.WindowsService.csproj", "{98F96253-6F92-4622-A012-182681A1E0AA}"
EndProject
Project("{9A19103F-16F7-4668-BE54-9A1E7A4F7556}") = "FJFMarketing.Models", "FJFMarketing.Models\FJFMarketing.Models.csproj", "{6FAC0148-84AD-4CAF-99F5-BFCAE5292B58}"
EndProject
Project("{9A19103F-16F7-4668-BE54-9A1E7A4F7556}") = "FJFMarketing.Repository.Dapper", "FJFMarketing.Repository.Dapper\FJFMarketing.Repository.Dapper.csproj", "{D7209968-207E-4C40-9547-600D73D80F91}"
EndProject
Project("{9A19103F-16F7-4668-BE54-9A1E7A4F7556}") = "FJFMarketing.Repository.EF", "FJFMarketing.Repository.EF\FJFMarketing.Repository.EF.csproj", "{E8E2B0DA-44FD-41D4-B5B0-6FFD07656185}"
EndProject
Project("{00D1A9C2-B5F0-4AF3-8072-F6C62B433612}") = "FJFMarketing.Database", "FJFMarketing.Database\FJFMarketing.Database.sqlproj", "{716AF203-1D40-49A2-8B18-421593E1A134}"
EndProject
Project("{FAE04EC0-301F-11D3-BF4B-00C04F79EFBC}") = "FJFMarketing.Test", "FJFMarketing.Test\FJFMarketing.Test.csproj", "{6F5A17E3-69C8-4FA5-9D41-8ED25BD02BEC}"
EndProject
Global
	GlobalSection(SolutionConfigurationPlatforms) = preSolution
		Debug|Any CPU = Debug|Any CPU
		Release|Any CPU = Release|Any CPU
	EndGlobalSection
	GlobalSection(ProjectConfigurationPlatforms) = postSolution
		{F297A7DF-B664-4D45-9811-5A928324ADA3}.Debug|Any CPU.ActiveCfg = Debug|Any CPU
		{F297A7DF-B664-4D45-9811-5A928324ADA3}.Debug|Any CPU.Build.0 = Debug|Any CPU
		{F297A7DF-B664-4D45-9811-5A928324ADA3}.Release|Any CPU.ActiveCfg = Release|Any CPU
		{F297A7DF-B664-4D45-9811-5A928324ADA3}.Release|Any CPU.Build.0 = Release|Any CPU
		{98F96253-6F92-4622-A012-182681A1E0AA}.Debug|Any CPU.ActiveCfg = Debug|Any CPU
		{98F96253-6F92-4622-A012-182681A1E0AA}.Debug|Any CPU.Build.0 = Debug|Any CPU
		{98F96253-6F92-4622-A012-182681A1E0AA}.Release|Any CPU.ActiveCfg = Release|Any CPU
		{98F96253-6F92-4622-A012-182681A1E0AA}.Release|Any CPU.Build.0 = Release|Any CPU
		{6FAC0148-84AD-4CAF-99F5-BFCAE5292B58}.Debug|Any CPU.ActiveCfg = Debug|Any CPU
		{6FAC0148-84AD-4CAF-99F5-BFCAE5292B58}.Debug|Any CPU.Build.0 = Debug|Any CPU
		{6FAC0148-84AD-4CAF-99F5-BFCAE5292B58}.Release|Any CPU.ActiveCfg = Release|Any CPU
		{6FAC0148-84AD-4CAF-99F5-BFCAE5292B58}.Release|Any CPU.Build.0 = Release|Any CPU
		{D7209968-207E-4C40-9547-600D73D80F91}.Debug|Any CPU.ActiveCfg = Debug|Any CPU
		{D7209968-207E-4C40-9547-600D73D80F91}.Debug|Any CPU.Build.0 = Debug|Any CPU
		{D7209968-207E-4C40-9547-600D73D80F91}.Release|Any CPU.ActiveCfg = Release|Any CPU
		{D7209968-207E-4C40-9547-600D73D80F91}.Release|Any CPU.Build.0 = Release|Any CPU
		{E8E2B0DA-44FD-41D4-B5B0-6FFD07656185}.Debug|Any CPU.ActiveCfg = Debug|Any CPU
		{E8E2B0DA-44FD-41D4-B5B0-6FFD07656185}.Debug|Any CPU.Build.0 = Debug|Any CPU
		{E8E2B0DA-44FD-41D4-B5B0-6FFD07656185}.Release|Any CPU.ActiveCfg = Release|Any CPU
		{E8E2B0DA-44FD-41D4-B5B0-6FFD07656185}.Release|Any CPU.Build.0 = Release|Any CPU
		{716AF203-1D40-49A2-8B18-421593E1A134}.Debug|Any CPU.ActiveCfg = Debug|Any CPU
		{716AF203-1D40-49A2-8B18-421593E1A134}.Debug|Any CPU.Build.0 = Debug|Any CPU
		{716AF203-1D40-49A2-8B18-421593E1A134}.Debug|Any CPU.Deploy.0 = Debug|Any CPU
		{716AF203-1D40-49A2-8B18-421593E1A134}.Release|Any CPU.ActiveCfg = Release|Any CPU
		{716AF203-1D40-49A2-8B18-421593E1A134}.Release|Any CPU.Build.0 = Release|Any CPU
		{716AF203-1D40-49A2-8B18-421593E1A134}.Release|Any CPU.Deploy.0 = Release|Any CPU
		{6F5A17E3-69C8-4FA5-9D41-8ED25BD02BEC}.Debug|Any CPU.ActiveCfg = Debug|Any CPU
		{6F5A17E3-69C8-4FA5-9D41-8ED25BD02BEC}.Debug|Any CPU.Build.0 = Debug|Any CPU
		{6F5A17E3-69C8-4FA5-9D41-8ED25BD02BEC}.Release|Any CPU.ActiveCfg = Release|Any CPU
		{6F5A17E3-69C8-4FA5-9D41-8ED25BD02BEC}.Release|Any CPU.Build.0 = Release|Any CPU
	EndGlobalSection
	GlobalSection(SolutionProperties) = preSolution
		HideSolutionNode = FALSE
	EndGlobalSection
	GlobalSection(NestedProjects) = preSolution
		{0E46E542-A13B-4150-B6E4-25F883A1ECBE} = {EE6207F1-ADD3-4C80-8AE7-6E7343F98932}
		{EA338830-AEF3-40B7-887C-A097B6339C1C} = {EE6207F1-ADD3-4C80-8AE7-6E7343F98932}
		{C92E2383-33EC-4D8C-8F8A-6C5A701266E4} = {EE6207F1-ADD3-4C80-8AE7-6E7343F98932}
		{06C74FD9-6458-4520-9254-9DDC2BF4D693} = {EE6207F1-ADD3-4C80-8AE7-6E7343F98932}
		{BA17CD96-39F2-41F8-946F-A3D0C56A9574} = {EE6207F1-ADD3-4C80-8AE7-6E7343F98932}
		{F297A7DF-B664-4D45-9811-5A928324ADA3} = {C92E2383-33EC-4D8C-8F8A-6C5A701266E4}
		{98F96253-6F92-4622-A012-182681A1E0AA} = {0E46E542-A13B-4150-B6E4-25F883A1ECBE}
		{6FAC0148-84AD-4CAF-99F5-BFCAE5292B58} = {C92E2383-33EC-4D8C-8F8A-6C5A701266E4}
		{D7209968-207E-4C40-9547-600D73D80F91} = {06C74FD9-6458-4520-9254-9DDC2BF4D693}
		{E8E2B0DA-44FD-41D4-B5B0-6FFD07656185} = {06C74FD9-6458-4520-9254-9DDC2BF4D693}
		{716AF203-1D40-49A2-8B18-421593E1A134} = {BA17CD96-39F2-41F8-946F-A3D0C56A9574}
		{6F5A17E3-69C8-4FA5-9D41-8ED25BD02BEC} = {C92E2383-33EC-4D8C-8F8A-6C5A701266E4}
	EndGlobalSection
	GlobalSection(ExtensibilityGlobals) = postSolution
		SolutionGuid = {EB703ECA-C9CE-4EE4-B7C4-430AF3F38B22}
	EndGlobalSection
EndGlobal
